
Microsoft Visual Studio Solution File, Format Version 12.00
# Visual Studio Version 17
VisualStudioVersion = 17.5.33530.505
MinimumVisualStudioVersion = 10.0.40219.1
Project("{8BC9CEB8-8B4A-11D0-8D11-00A0C91BC942}") = "MT3_00_04", "MT3_00_04.vcxproj", "{A6B97F58-40C1-420D-9BD2-F4DA1D05E958}"
EndProject
Global
	GlobalSection(SolutionConfigurationPlatforms) = preSolution
		Debug|x64 = Debug|x64
		Release|x64 = Release|x64
	EndGlobalSection
	GlobalSection(ProjectConfigurationPlatforms) = postSolution
		{A6B97F58-40C1-420D-9BD2-F4DA1D05E958}.Debug|x64.ActiveCfg = Debug|x64
		{A6B97F58-40C1-420D-9BD2-F4DA1D05E958}.Debug|x64.Build.0 = Debug|x64
		{A6B97F58-40C1-420D-9BD2-F4DA1D05E958}.Release|x64.ActiveCfg = Release|x64
		{A6B97F58-40C1-420D-9BD2-F4DA1D05E958}.Release|x64.Build.0 = Release|x64
	EndGlobalSection
	GlobalSection(SolutionProperties) = preSolution
		HideSolutionNode = FALSE
	EndGlobalSection
	GlobalSection(ExtensibilityGlobals) = postSolution
		SolutionGuid = {0638E4C2-07EC-4FFE-86A1-BC5257C03A22}
	EndGlobalSection
EndGlobal
